
Microsoft Visual Studio Solution File, Format Version 12.00
# Visual Studio Version 16
VisualStudioVersion = 16.0.30717.126
MinimumVisualStudioVersion = 10.0.40219.1
Project("{FAE04EC0-301F-11D3-BF4B-00C04F79EFBC}") = "aoc", "aoc.csproj", "{B61E93E4-FD7C-498F-A880-3861D8BA632F}"
EndProject
Global
	GlobalSection(SolutionConfigurationPlatforms) = preSolution
		Debug|Any CPU = Debug|Any CPU
		Release|Any CPU = Release|Any CPU
	EndGlobalSection
	GlobalSection(ProjectConfigurationPlatforms) = postSolution
		{B61E93E4-FD7C-498F-A880-3861D8BA632F}.Debug|Any CPU.ActiveCfg = Debug|Any CPU
		{B61E93E4-FD7C-498F-A880-3861D8BA632F}.Debug|Any CPU.Build.0 = Debug|Any CPU
		{B61E93E4-FD7C-498F-A880-3861D8BA632F}.Release|Any CPU.ActiveCfg = Release|Any CPU
		{B61E93E4-FD7C-498F-A880-3861D8BA632F}.Release|Any CPU.Build.0 = Release|Any CPU
	EndGlobalSection
	GlobalSection(SolutionProperties) = preSolution
		HideSolutionNode = FALSE
	EndGlobalSection
	GlobalSection(ExtensibilityGlobals) = postSolution
		SolutionGuid = {8EA72F0B-A86C-42DF-83CF-5321F32C2496}
	EndGlobalSection
EndGlobal
